
Microsoft Visual Studio Solution File, Format Version 12.00
# Visual Studio Version 16
VisualStudioVersion = 16.0.29920.165
MinimumVisualStudioVersion = 10.0.40219.1
Project("{FAE04EC0-301F-11D3-BF4B-00C04F79EFBC}") = "C1", "C1\C1.csproj", "{5775ABD4-78F7-44CC-983A-1764984BBC0E}"
EndProject
Global
	GlobalSection(SolutionConfigurationPlatforms) = preSolution
		Debug|Any CPU = Debug|Any CPU
		Release|Any CPU = Release|Any CPU
	EndGlobalSection
	GlobalSection(ProjectConfigurationPlatforms) = postSolution
		{5775ABD4-78F7-44CC-983A-1764984BBC0E}.Debug|Any CPU.ActiveCfg = Debug|Any CPU
		{5775ABD4-78F7-44CC-983A-1764984BBC0E}.Debug|Any CPU.Build.0 = Debug|Any CPU
		{5775ABD4-78F7-44CC-983A-1764984BBC0E}.Release|Any CPU.ActiveCfg = Release|Any CPU
		{5775ABD4-78F7-44CC-983A-1764984BBC0E}.Release|Any CPU.Build.0 = Release|Any CPU
	EndGlobalSection
	GlobalSection(SolutionProperties) = preSolution
		HideSolutionNode = FALSE
	EndGlobalSection
	GlobalSection(ExtensibilityGlobals) = postSolution
		SolutionGuid = {813EE578-3A11-489E-8623-5994237DB40E}
	EndGlobalSection
EndGlobal
